
Microsoft Visual Studio Solution File, Format Version 12.00
# Visual Studio Version 16
VisualStudioVersion = 16.0.31005.135
MinimumVisualStudioVersion = 10.0.40219.1
Project("{FAE04EC0-301F-11D3-BF4B-00C04F79EFBC}") = "BowlingLeague", "BowlingLeague.csproj", "{72D7E30E-D138-436A-80DC-18F9987F620A}"
EndProject
Global
	GlobalSection(SolutionConfigurationPlatforms) = preSolution
		Debug|Any CPU = Debug|Any CPU
		Release|Any CPU = Release|Any CPU
	EndGlobalSection
	GlobalSection(ProjectConfigurationPlatforms) = postSolution
		{72D7E30E-D138-436A-80DC-18F9987F620A}.Debug|Any CPU.ActiveCfg = Debug|Any CPU
		{72D7E30E-D138-436A-80DC-18F9987F620A}.Debug|Any CPU.Build.0 = Debug|Any CPU
		{72D7E30E-D138-436A-80DC-18F9987F620A}.Release|Any CPU.ActiveCfg = Release|Any CPU
		{72D7E30E-D138-436A-80DC-18F9987F620A}.Release|Any CPU.Build.0 = Release|Any CPU
	EndGlobalSection
	GlobalSection(SolutionProperties) = preSolution
		HideSolutionNode = FALSE
	EndGlobalSection
	GlobalSection(ExtensibilityGlobals) = postSolution
		SolutionGuid = {8BBA6B6D-82C2-483E-9215-092E755F626F}
	EndGlobalSection
EndGlobal
